
Microsoft Visual Studio Solution File, Format Version 12.00
# Visual Studio Version 16
VisualStudioVersion = 16.0.29230.47
MinimumVisualStudioVersion = 10.0.40219.1
Project("{FAE04EC0-301F-11D3-BF4B-00C04F79EFBC}") = "WoLaTa Task Manager", "WoLaTa Task Manager\WoLaTa Task Manager.csproj", "{0022C241-98CA-423D-BD53-A5CC43C06C60}"
EndProject
Project("{FAE04EC0-301F-11D3-BF4B-00C04F79EFBC}") = "WoLaTa_Console", "WoLaTa_Console\WoLaTa_Console.csproj", "{8AAD97D3-1673-40C9-ABC9-BEAD417C2FED}"
EndProject
Global
	GlobalSection(SolutionConfigurationPlatforms) = preSolution
		Debug|Any CPU = Debug|Any CPU
		Release|Any CPU = Release|Any CPU
	EndGlobalSection
	GlobalSection(ProjectConfigurationPlatforms) = postSolution
		{0022C241-98CA-423D-BD53-A5CC43C06C60}.Debug|Any CPU.ActiveCfg = Debug|Any CPU
		{0022C241-98CA-423D-BD53-A5CC43C06C60}.Debug|Any CPU.Build.0 = Debug|Any CPU
		{0022C241-98CA-423D-BD53-A5CC43C06C60}.Release|Any CPU.ActiveCfg = Release|Any CPU
		{0022C241-98CA-423D-BD53-A5CC43C06C60}.Release|Any CPU.Build.0 = Release|Any CPU
		{8AAD97D3-1673-40C9-ABC9-BEAD417C2FED}.Debug|Any CPU.ActiveCfg = Debug|Any CPU
		{8AAD97D3-1673-40C9-ABC9-BEAD417C2FED}.Debug|Any CPU.Build.0 = Debug|Any CPU
		{8AAD97D3-1673-40C9-ABC9-BEAD417C2FED}.Release|Any CPU.ActiveCfg = Release|Any CPU
		{8AAD97D3-1673-40C9-ABC9-BEAD417C2FED}.Release|Any CPU.Build.0 = Release|Any CPU
	EndGlobalSection
	GlobalSection(SolutionProperties) = preSolution
		HideSolutionNode = FALSE
	EndGlobalSection
	GlobalSection(ExtensibilityGlobals) = postSolution
		SolutionGuid = {53635A2D-9197-43CA-A300-3DB6F4FCB279}
	EndGlobalSection
EndGlobal
